// !$*UTF8*$!
{
	archiveVersion = 1;
	classes = {
	};
	objectVersion = 46;
	objects = {

/* Begin PBXBuildFile section */
		5394F2571C5628BD009CEAA3 /* main.m in Sources */ = {isa = PBXBuildFile; fileRef = 5394F2561C5628BD009CEAA3 /* main.m */; };
		5394F25A1C5628BD009CEAA3 /* AppDelegate.m in Sources */ = {isa = PBXBuildFile; fileRef = 5394F2591C5628BD009CEAA3 /* AppDelegate.m */; };
		5394F2601C5628BD009CEAA3 /* Main.storyboard in Resources */ = {isa = PBXBuildFile; fileRef = 5394F25E1C5628BD009CEAA3 /* Main.storyboard */; };
		5394F2621C5628BD009CEAA3 /* Assets.xcassets in Resources */ = {isa = PBXBuildFile; fileRef = 5394F2611C5628BD009CEAA3 /* Assets.xcassets */; };
		5394F2651C5628BD009CEAA3 /* LaunchScreen.storyboard in Resources */ = {isa = PBXBuildFile; fileRef = 5394F2631C5628BD009CEAA3 /* LaunchScreen.storyboard */; };
		5394F2701C5628BD009CEAA3 /* pushtextTests.m in Sources */ = {isa = PBXBuildFile; fileRef = 5394F26F1C5628BD009CEAA3 /* pushtextTests.m */; };
		5394F27B1C5628BD009CEAA3 /* pushtextUITests.m in Sources */ = {isa = PBXBuildFile; fileRef = 5394F27A1C5628BD009CEAA3 /* pushtextUITests.m */; };
		5394F28C1C5628D1009CEAA3 /* JTBaseNavigationController.m in Sources */ = {isa = PBXBuildFile; fileRef = 5394F2891C5628D1009CEAA3 /* JTBaseNavigationController.m */; };
		5394F28D1C5628D1009CEAA3 /* JTNavigationController.m in Sources */ = {isa = PBXBuildFile; fileRef = 5394F28B1C5628D1009CEAA3 /* JTNavigationController.m */; };
		5394F2931C5702C9009CEAA3 /* RootViewController.m in Sources */ = {isa = PBXBuildFile; fileRef = 5394F2921C5702C9009CEAA3 /* RootViewController.m */; };
		5394F29A1C57033E009CEAA3 /* FirstViewController.m in Sources */ = {isa = PBXBuildFile; fileRef = 5394F2981C57033E009CEAA3 /* FirstViewController.m */; };
		5394F29B1C57033E009CEAA3 /* FirstViewController.xib in Resources */ = {isa = PBXBuildFile; fileRef = 5394F2991C57033E009CEAA3 /* FirstViewController.xib */; };
		5394F29F1C570391009CEAA3 /* NextViewController.m in Sources */ = {isa = PBXBuildFile; fileRef = 5394F29D1C570391009CEAA3 /* NextViewController.m */; };
		5394F2A01C570391009CEAA3 /* NextViewController.xib in Resources */ = {isa = PBXBuildFile; fileRef = 5394F29E1C570391009CEAA3 /* NextViewController.xib */; };
/* End PBXBuildFile section */

/* Begin PBXContainerItemProxy section */
		5394F26C1C5628BD009CEAA3 /* PBXContainerItemProxy */ = {
			isa = PBXContainerItemProxy;
			containerPortal = 5394F24A1C5628BD009CEAA3 /* Project object */;
			proxyType = 1;
			remoteGlobalIDString = 5394F2511C5628BD009CEAA3;
			remoteInfo = pushtext;
		};
		5394F2771C5628BD009CEAA3 /* PBXContainerItemProxy */ = {
			isa = PBXContainerItemProxy;
			containerPortal = 5394F24A1C5628BD009CEAA3 /* Project object */;
			proxyType = 1;
			remoteGlobalIDString = 5394F2511C5628BD009CEAA3;
			remoteInfo = pushtext;
		};
/* End PBXContainerItemProxy section */

/* Begin PBXFileReference section */
		5394F2521C5628BD009CEAA3 /* pushtext.app */ = {isa = PBXFileReference; explicitFileType = wrapper.application; includeInIndex = 0; path = pushtext.app; sourceTree = BUILT_PRODUCTS_DIR; };
		5394F2561C5628BD009CEAA3 /* main.m */ = {isa = PBXFileReference; lastKnownFileType = sourcecode.c.objc; path = main.m; sourceTree = "<group>"; };
		5394F2581C5628BD009CEAA3 /* AppDelegate.h */ = {isa = PBXFileReference; lastKnownFileType = sourcecode.c.h; path = AppDelegate.h; sourceTree = "<group>"; };
		5394F2591C5628BD009CEAA3 /* AppDelegate.m */ = {isa = PBXFileReference; lastKnownFileType = sourcecode.c.objc; path = AppDelegate.m; sourceTree = "<group>"; };
		5394F25F1C5628BD009CEAA3 /* Base */ = {isa = PBXFileReference; lastKnownFileType = file.storyboard; name = Base; path = Base.lproj/Main.storyboard; sourceTree = "<group>"; };
		5394F2611C5628BD009CEAA3 /* Assets.xcassets */ = {isa = PBXFileReference; lastKnownFileType = folder.assetcatalog; path = Assets.xcassets; sourceTree = "<group>"; };
		5394F2641C5628BD009CEAA3 /* Base */ = {isa = PBXFileReference; lastKnownFileType = file.storyboard; name = Base; path = Base.lproj/LaunchScreen.storyboard; sourceTree = "<group>"; };
		5394F2661C5628BD009CEAA3 /* Info.plist */ = {isa = PBXFileReference; lastKnownFileType = text.plist.xml; path = Info.plist; sourceTree = "<group>"; };
		5394F26B1C5628BD009CEAA3 /* pushtextTests.xctest */ = {isa = PBXFileReference; explicitFileType = wrapper.cfbundle; includeInIndex = 0; path = pushtextTests.xctest; sourceTree = BUILT_PRODUCTS_DIR; };
		5394F26F1C5628BD009CEAA3 /* pushtextTests.m */ = {isa = PBXFileReference; lastKnownFileType = sourcecode.c.objc; path = pushtextTests.m; sourceTree = "<group>"; };
		5394F2711C5628BD009CEAA3 /* Info.plist */ = {isa = PBXFileReference; lastKnownFileType = text.plist.xml; path = Info.plist; sourceTree = "<group>"; };
		5394F2761C5628BD009CEAA3 /* pushtextUITests.xctest */ = {isa = PBXFileReference; explicitFileType = wrapper.cfbundle; includeInIndex = 0; path = pushtextUITests.xctest; sourceTree = BUILT_PRODUCTS_DIR; };
		5394F27A1C5628BD009CEAA3 /* pushtextUITests.m */ = {isa = PBXFileReference; lastKnownFileType = sourcecode.c.objc; path = pushtextUITests.m; sourceTree = "<group>"; };
		5394F27C1C5628BD009CEAA3 /* Info.plist */ = {isa = PBXFileReference; lastKnownFileType = text.plist.xml; path = Info.plist; sourceTree = "<group>"; };
		5394F2881C5628D1009CEAA3 /* JTBaseNavigationController.h */ = {isa = PBXFileReference; fileEncoding = 4; lastKnownFileType = sourcecode.c.h; path = JTBaseNavigationController.h; sourceTree = "<group>"; };
		5394F2891C5628D1009CEAA3 /* JTBaseNavigationController.m */ = {isa = PBXFileReference; fileEncoding = 4; lastKnownFileType = sourcecode.c.objc; path = JTBaseNavigationController.m; sourceTree = "<group>"; };
		5394F28A1C5628D1009CEAA3 /* JTNavigationController.h */ = {isa = PBXFileReference; fileEncoding = 4; lastKnownFileType = sourcecode.c.h; path = JTNavigationController.h; sourceTree = "<group>"; };
		5394F28B1C5628D1009CEAA3 /* JTNavigationController.m */ = {isa = PBXFileReference; fileEncoding = 4; lastKnownFileType = sourcecode.c.objc; path = JTNavigationController.m; sourceTree = "<group>"; };
		5394F2911C5702C9009CEAA3 /* RootViewController.h */ = {isa = PBXFileReference; fileEncoding = 4; lastKnownFileType = sourcecode.c.h; path = RootViewController.h; sourceTree = "<group>"; };
		5394F2921C5702C9009CEAA3 /* RootViewController.m */ = {isa = PBXFileReference; fileEncoding = 4; lastKnownFileType = sourcecode.c.objc; path = RootViewController.m; sourceTree = "<group>"; };
		5394F2971C57033E009CEAA3 /* FirstViewController.h */ = {isa = PBXFileReference; fileEncoding = 4; lastKnownFileType = sourcecode.c.h; path = FirstViewController.h; sourceTree = "<group>"; };
		5394F2981C57033E009CEAA3 /* FirstViewController.m */ = {isa = PBXFileReference; fileEncoding = 4; lastKnownFileType = sourcecode.c.objc; path = FirstViewController.m; sourceTree = "<group>"; };
		5394F2991C57033E009CEAA3 /* FirstViewController.xib */ = {isa = PBXFileReference; fileEncoding = 4; lastKnownFileType = file.xib; path = FirstViewController.xib; sourceTree = "<group>"; };
		5394F29C1C570391009CEAA3 /* NextViewController.h */ = {isa = PBXFileReference; fileEncoding = 4; lastKnownFileType = sourcecode.c.h; path = NextViewController.h; sourceTree = "<group>"; };
		5394F29D1C570391009CEAA3 /* NextViewController.m */ = {isa = PBXFileReference; fileEncoding = 4; lastKnownFileType = sourcecode.c.objc; path = NextViewController.m; sourceTree = "<group>"; };
		5394F29E1C570391009CEAA3 /* NextViewController.xib */ = {isa = PBXFileReference; fileEncoding = 4; lastKnownFileType = file.xib; path = NextViewController.xib; sourceTree = "<group>"; };
/* End PBXFileReference section */

/* Begin PBXFrameworksBuildPhase section */
		5394F24F1C5628BD009CEAA3 /* Frameworks */ = {
			isa = PBXFrameworksBuildPhase;
			buildActionMask = 2147483647;
			files = (
			);
			runOnlyForDeploymentPostprocessing = 0;
		};
		5394F2681C5628BD009CEAA3 /* Frameworks */ = {
			isa = PBXFrameworksBuildPhase;
			buildActionMask = 2147483647;
			files = (
			);
			runOnlyForDeploymentPostprocessing = 0;
		};
		5394F2731C5628BD009CEAA3 /* Frameworks */ = {
			isa = PBXFrameworksBuildPhase;
			buildActionMask = 2147483647;
			files = (
			);
			runOnlyForDeploymentPostprocessing = 0;
		};
/* End PBXFrameworksBuildPhase section */

/* Begin PBXGroup section */
		5394F2491C5628BD009CEAA3 = {
			isa = PBXGroup;
			children = (
				5394F2541C5628BD009CEAA3 /* pushtext */,
				5394F26E1C5628BD009CEAA3 /* pushtextTests */,
				5394F2791C5628BD009CEAA3 /* pushtextUITests */,
				5394F2531C5628BD009CEAA3 /* Products */,
			);
			sourceTree = "<group>";
		};
		5394F2531C5628BD009CEAA3 /* Products */ = {
			isa = PBXGroup;
			children = (
				5394F2521C5628BD009CEAA3 /* pushtext.app */,
				5394F26B1C5628BD009CEAA3 /* pushtextTests.xctest */,
				5394F2761C5628BD009CEAA3 /* pushtextUITests.xctest */,
			);
			name = Products;
			sourceTree = "<group>";
		};
		5394F2541C5628BD009CEAA3 /* pushtext */ = {
			isa = PBXGroup;
			children = (
				5394F2581C5628BD009CEAA3 /* AppDelegate.h */,
				5394F2591C5628BD009CEAA3 /* AppDelegate.m */,
				5394F25E1C5628BD009CEAA3 /* Main.storyboard */,
				5394F2911C5702C9009CEAA3 /* RootViewController.h */,
				5394F2921C5702C9009CEAA3 /* RootViewController.m */,
				5394F2971C57033E009CEAA3 /* FirstViewController.h */,
				5394F2981C57033E009CEAA3 /* FirstViewController.m */,
				5394F2991C57033E009CEAA3 /* FirstViewController.xib */,
				5394F29C1C570391009CEAA3 /* NextViewController.h */,
				5394F29D1C570391009CEAA3 /* NextViewController.m */,
				5394F29E1C570391009CEAA3 /* NextViewController.xib */,
				5394F2611C5628BD009CEAA3 /* Assets.xcassets */,
				5394F2631C5628BD009CEAA3 /* LaunchScreen.storyboard */,
				5394F2661C5628BD009CEAA3 /* Info.plist */,
				5394F2881C5628D1009CEAA3 /* JTBaseNavigationController.h */,
				5394F2891C5628D1009CEAA3 /* JTBaseNavigationController.m */,
				5394F28A1C5628D1009CEAA3 /* JTNavigationController.h */,
				5394F28B1C5628D1009CEAA3 /* JTNavigationController.m */,
				5394F2551C5628BD009CEAA3 /* Supporting Files */,
			);
			path = pushtext;
			sourceTree = "<group>";
		};
		5394F2551C5628BD009CEAA3 /* Supporting Files */ = {
			isa = PBXGroup;
			children = (
				5394F2561C5628BD009CEAA3 /* main.m */,
			);
			name = "Supporting Files";
			sourceTree = "<group>";
		};
		5394F26E1C5628BD009CEAA3 /* pushtextTests */ = {
			isa = PBXGroup;
			children = (
				5394F26F1C5628BD009CEAA3 /* pushtextTests.m */,
				5394F2711C5628BD009CEAA3 /* Info.plist */,
			);
			path = pushtextTests;
			sourceTree = "<group>";
		};
		5394F2791C5628BD009CEAA3 /* pushtextUITests */ = {
			isa = PBXGroup;
			children = (
				5394F27A1C5628BD009CEAA3 /* pushtextUITests.m */,
				5394F27C1C5628BD009CEAA3 /* Info.plist */,
			);
			path = pushtextUITests;
			sourceTree = "<group>";
		};
/* End PBXGroup section */

/* Begin PBXNativeTarget section */
		5394F2511C5628BD009CEAA3 /* pushtext */ = {
			isa = PBXNativeTarget;
			buildConfigurationList = 5394F27F1C5628BD009CEAA3 /* Build configuration list for PBXNativeTarget "pushtext" */;
			buildPhases = (
				5394F24E1C5628BD009CEAA3 /* Sources */,
				5394F24F1C5628BD009CEAA3 /* Frameworks */,
				5394F2501C5628BD009CEAA3 /* Resources */,
			);
			buildRules = (
			);
			dependencies = (
			);
			name = pushtext;
			productName = pushtext;
			productReference = 5394F2521C5628BD009CEAA3 /* pushtext.app */;
			productType = "com.apple.product-type.application";
		};
		5394F26A1C5628BD009CEAA3 /* pushtextTests */ = {
			isa = PBXNativeTarget;
			buildConfigurationList = 5394F2821C5628BD009CEAA3 /* Build configuration list for PBXNativeTarget "pushtextTests" */;
			buildPhases = (
				5394F2671C5628BD009CEAA3 /* Sources */,
				5394F2681C5628BD009CEAA3 /* Frameworks */,
				5394F2691C5628BD009CEAA3 /* Resources */,
			);
			buildRules = (
			);
			dependencies = (
				5394F26D1C5628BD009CEAA3 /* PBXTargetDependency */,
			);
			name = pushtextTests;
			productName = pushtextTests;
			productReference = 5394F26B1C5628BD009CEAA3 /* pushtextTests.xctest */;
			productType = "com.apple.product-type.bundle.unit-test";
		};
		5394F2751C5628BD009CEAA3 /* pushtextUITests */ = {
			isa = PBXNativeTarget;
			buildConfigurationList = 5394F2851C5628BD009CEAA3 /* Build configuration list for PBXNativeTarget "pushtextUITests" */;
			buildPhases = (
				5394F2721C5628BD009CEAA3 /* Sources */,
				5394F2731C5628BD009CEAA3 /* Frameworks */,
				5394F2741C5628BD009CEAA3 /* Resources */,
			);
			buildRules = (
			);
			dependencies = (
				5394F2781C5628BD009CEAA3 /* PBXTargetDependency */,
			);
			name = pushtextUITests;
			productName = pushtextUITests;
			productReference = 5394F2761C5628BD009CEAA3 /* pushtextUITests.xctest */;
			productType = "com.apple.product-type.bundle.ui-testing";
		};
/* End PBXNativeTarget section */

/* Begin PBXProject section */
		5394F24A1C5628BD009CEAA3 /* Project object */ = {
			isa = PBXProject;
			attributes = {
				LastUpgradeCheck = 0710;
				ORGANIZATIONNAME = wujianqiang;
				TargetAttributes = {
					5394F2511C5628BD009CEAA3 = {
						CreatedOnToolsVersion = 7.1.1;
					};
					5394F26A1C5628BD009CEAA3 = {
						CreatedOnToolsVersion = 7.1.1;
						TestTargetID = 5394F2511C5628BD009CEAA3;
					};
					5394F2751C5628BD009CEAA3 = {
						CreatedOnToolsVersion = 7.1.1;
						TestTargetID = 5394F2511C5628BD009CEAA3;
					};
				};
			};
			buildConfigurationList = 5394F24D1C5628BD009CEAA3 /* Build configuration list for PBXProject "pushtext" */;
			compatibilityVersion = "Xcode 3.2";
			developmentRegion = English;
			hasScannedForEncodings = 0;
			knownRegions = (
				en,
				Base,
			);
			mainGroup = 5394F2491C5628BD009CEAA3;
			productRefGroup = 5394F2531C5628BD009CEAA3 /* Products */;
			projectDirPath = "";
			projectRoot = "";
			targets = (
				5394F2511C5628BD009CEAA3 /* pushtext */,
				5394F26A1C5628BD009CEAA3 /* pushtextTests */,
				5394F2751C5628BD009CEAA3 /* pushtextUITests */,
			);
		};
/* End PBXProject section */

/* Begin PBXResourcesBuildPhase section */
		5394F2501C5628BD009CEAA3 /* Resources */ = {
			isa = PBXResourcesBuildPhase;
			buildActionMask = 2147483647;
			files = (
				5394F2651C5628BD009CEAA3 /* LaunchScreen.storyboard in Resources */,
				5394F2621C5628BD009CEAA3 /* Assets.xcassets in Resources */,
				5394F2601C5628BD009CEAA3 /* Main.storyboard in Resources */,
				5394F29B1C57033E009CEAA3 /* FirstViewController.xib in Resources */,
				5394F2A01C570391009CEAA3 /* NextViewController.xib in Resources */,
			);
			runOnlyForDeploymentPostprocessing = 0;
		};
		5394F2691C5628BD009CEAA3 /* Resources */ = {
			isa = PBXResourcesBuildPhase;
			buildActionMask = 2147483647;
			files = (
			);
			runOnlyForDeploymentPostprocessing = 0;
		};
		5394F2741C5628BD009CEAA3 /* Resources */ = {
			isa = PBXResourcesBuildPhase;
			buildActionMask = 2147483647;
			files = (
			);
			runOnlyForDeploymentPostprocessing = 0;
		};
/* End PBXResourcesBuildPhase section */

/* Begin PBXSourcesBuildPhase section */
		5394F24E1C5628BD009CEAA3 /* Sources */ = {
			isa = PBXSourcesBuildPhase;
			buildActionMask = 2147483647;
			files = (
				5394F28C1C5628D1009CEAA3 /* JTBaseNavigationController.m in Sources */,
				5394F29A1C57033E009CEAA3 /* FirstViewController.m in Sources */,
				5394F28D1C5628D1009CEAA3 /* JTNavigationController.m in Sources */,
				5394F25A1C5628BD009CEAA3 /* AppDelegate.m in Sources */,
				5394F29F1C570391009CEAA3 /* NextViewController.m in Sources */,
				5394F2571C5628BD009CEAA3 /* main.m in Sources */,
				5394F2931C5702C9009CEAA3 /* RootViewController.m in Sources */,
			);
			runOnlyForDeploymentPostprocessing = 0;
		};
		5394F2671C5628BD009CEAA3 /* Sources */ = {
			isa = PBXSourcesBuildPhase;
			buildActionMask = 2147483647;
			files = (
				5394F2701C5628BD009CEAA3 /* pushtextTests.m in Sources */,
			);
			runOnlyForDeploymentPostprocessing = 0;
		};
		5394F2721C5628BD009CEAA3 /* Sources */ = {
			isa = PBXSourcesBuildPhase;
			buildActionMask = 2147483647;
			files = (
				5394F27B1C5628BD009CEAA3 /* pushtextUITests.m in Sources */,
			);
			runOnlyForDeploymentPostprocessing = 0;
		};
/* End PBXSourcesBuildPhase section */

/* Begin PBXTargetDependency section */
		5394F26D1C5628BD009CEAA3 /* PBXTargetDependency */ = {
			isa = PBXTargetDependency;
			target = 5394F2511C5628BD009CEAA3 /* pushtext */;
			targetProxy = 5394F26C1C5628BD009CEAA3 /* PBXContainerItemProxy */;
		};
		5394F2781C5628BD009CEAA3 /* PBXTargetDependency */ = {
			isa = PBXTargetDependency;
			target = 5394F2511C5628BD009CEAA3 /* pushtext */;
			targetProxy = 5394F2771C5628BD009CEAA3 /* PBXContainerItemProxy */;
		};
/* End PBXTargetDependency section */

/* Begin PBXVariantGroup section */
		5394F25E1C5628BD009CEAA3 /* Main.storyboard */ = {
			isa = PBXVariantGroup;
			children = (
				5394F25F1C5628BD009CEAA3 /* Base */,
			);
			name = Main.storyboard;
			sourceTree = "<group>";
		};
		5394F2631C5628BD009CEAA3 /* LaunchScreen.storyboard */ = {
			isa = PBXVariantGroup;
			children = (
				5394F2641C5628BD009CEAA3 /* Base */,
			);
			name = LaunchScreen.storyboard;
			sourceTree = "<group>";
		};
/* End PBXVariantGroup section */

/* Begin XCBuildConfiguration section */
		5394F27D1C5628BD009CEAA3 /* Debug */ = {
			isa = XCBuildConfiguration;
			buildSettings = {
				ALWAYS_SEARCH_USER_PATHS = NO;
				CLANG_CXX_LANGUAGE_STANDARD = "gnu++0x";
				CLANG_CXX_LIBRARY = "libc++";
				CLANG_ENABLE_MODULES = YES;
				CLANG_ENABLE_OBJC_ARC = YES;
				CLANG_WARN_BOOL_CONVERSION = YES;
				CLANG_WARN_CONSTANT_CONVERSION = YES;
				CLANG_WARN_DIRECT_OBJC_ISA_USAGE = YES_ERROR;
				CLANG_WARN_EMPTY_BODY = YES;
				CLANG_WARN_ENUM_CONVERSION = YES;
				CLANG_WARN_INT_CONVERSION = YES;
				CLANG_WARN_OBJC_ROOT_CLASS = YES_ERROR;
				CLANG_WARN_UNREACHABLE_CODE = YES;
				CLANG_WARN__DUPLICATE_METHOD_MATCH = YES;
				"CODE_SIGN_IDENTITY[sdk=iphoneos*]" = "iPhone Developer";
				COPY_PHASE_STRIP = NO;
				DEBUG_INFORMATION_FORMAT = dwarf;
				ENABLE_STRICT_OBJC_MSGSEND = YES;
				ENABLE_TESTABILITY = YES;
				GCC_C_LANGUAGE_STANDARD = gnu99;
				GCC_DYNAMIC_NO_PIC = NO;
				GCC_NO_COMMON_BLOCKS = YES;
				GCC_OPTIMIZATION_LEVEL = 0;
				GCC_PREPROCESSOR_DEFINITIONS = (
					"DEBUG=1",
					"$(inherited)",
				);
				GCC_WARN_64_TO_32_BIT_CONVERSION = YES;
				GCC_WARN_ABOUT_RETURN_TYPE = YES_ERROR;
				GCC_WARN_UNDECLARED_SELECTOR = YES;
				GCC_WARN_UNINITIALIZED_AUTOS = YES_AGGRESSIVE;
				GCC_WARN_UNUSED_FUNCTION = YES;
				GCC_WARN_UNUSED_VARIABLE = YES;
				IPHONEOS_DEPLOYMENT_TARGET = 9.1;
				MTL_ENABLE_DEBUG_INFO = YES;
				ONLY_ACTIVE_ARCH = YES;
				SDKROOT = iphoneos;
			};
			name = Debug;
		};
		5394F27E1C5628BD009CEAA3 /* Release */ = {
			isa = XCBuildConfiguration;
			buildSettings = {
				ALWAYS_SEARCH_USER_PATHS = NO;
				CLANG_CXX_LANGUAGE_STANDARD = "gnu++0x";
				CLANG_CXX_LIBRARY = "libc++";
				CLANG_ENABLE_MODULES = YES;
				CLANG_ENABLE_OBJC_ARC = YES;
				CLANG_WARN_BOOL_CONVERSION = YES;
				CLANG_WARN_CONSTANT_CONVERSION = YES;
				CLANG_WARN_DIRECT_OBJC_ISA_USAGE = YES_ERROR;
				CLANG_WARN_EMPTY_BODY = YES;
				CLANG_WARN_ENUM_CONVERSION = YES;
				CLANG_WARN_INT_CONVERSION = YES;
				CLANG_WARN_OBJC_ROOT_CLASS = YES_ERROR;
				CLANG_WARN_UNREACHABLE_CODE = YES;
				CLANG_WARN__DUPLICATE_METHOD_MATCH = YES;
				"CODE_SIGN_IDENTITY[sdk=iphoneos*]" = "iPhone Developer";
				COPY_PHASE_STRIP = NO;
				DEBUG_INFORMATION_FORMAT = "dwarf-with-dsym";
				ENABLE_NS_ASSERTIONS = NO;
				ENABLE_STRICT_OBJC_MSGSEND = YES;
				GCC_C_LANGUAGE_STANDARD = gnu99;
				GCC_NO_COMMON_BLOCKS = YES;
				GCC_WARN_64_TO_32_BIT_CONVERSION = YES;
				GCC_WARN_ABOUT_RETURN_TYPE = YES_ERROR;
				GCC_WARN_UNDECLARED_SELECTOR = YES;
				GCC_WARN_UNINITIALIZED_AUTOS = YES_AGGRESSIVE;
				GCC_WARN_UNUSED_FUNCTION = YES;
				GCC_WARN_UNUSED_VARIABLE = YES;
				IPHONEOS_DEPLOYMENT_TARGET = 9.1;
				MTL_ENABLE_DEBUG_INFO = NO;
				SDKROOT = iphoneos;
				VALIDATE_PRODUCT = YES;
			};
			name = Release;
		};
		5394F2801C5628BD009CEAA3 /* Debug */ = {
			isa = XCBuildConfiguration;
			buildSettings = {
				ASSETCATALOG_COMPILER_APPICON_NAME = AppIcon;
				INFOPLIST_FILE = pushtext/Info.plist;
				LD_RUNPATH_SEARCH_PATHS = "$(inherited) @executable_path/Frameworks";
				PRODUCT_BUNDLE_IDENTIFIER = com.wujie.pushtext;
				PRODUCT_NAME = "$(TARGET_NAME)";
			};
			name = Debug;
		};
		5394F2811C5628BD009CEAA3 /* Release */ = {
			isa = XCBuildConfiguration;
			buildSettings = {
				ASSETCATALOG_COMPILER_APPICON_NAME = AppIcon;
				INFOPLIST_FILE = pushtext/Info.plist;
				LD_RUNPATH_SEARCH_PATHS = "$(inherited) @executable_path/Frameworks";
				PRODUCT_BUNDLE_IDENTIFIER = com.wujie.pushtext;
				PRODUCT_NAME = "$(TARGET_NAME)";
			};
			name = Release;
		};
		5394F2831C5628BD009CEAA3 /* Debug */ = {
			isa = XCBuildConfiguration;
			buildSettings = {
				BUNDLE_LOADER = "$(TEST_HOST)";
				INFOPLIST_FILE = pushtextTests/Info.plist;
				LD_RUNPATH_SEARCH_PATHS = "$(inherited) @executable_path/Frameworks @loader_path/Frameworks";
				PRODUCT_BUNDLE_IDENTIFIER = com.wujie.pushtextTests;
				PRODUCT_NAME = "$(TARGET_NAME)";
				TEST_HOST = "$(BUILT_PRODUCTS_DIR)/pushtext.app/pushtext";
			};
			name = Debug;
		};
		5394F2841C5628BD009CEAA3 /* Release */ = {
			isa = XCBuildConfiguration;
			buildSettings = {
				BUNDLE_LOADER = "$(TEST_HOST)";
				INFOPLIST_FILE = pushtextTests/Info.plist;
				LD_RUNPATH_SEARCH_PATHS = "$(inherited) @executable_path/Frameworks @loader_path/Frameworks";
				PRODUCT_BUNDLE_IDENTIFIER = com.wujie.pushtextTests;
				PRODUCT_NAME = "$(TARGET_NAME)";
				TEST_HOST = "$(BUILT_PRODUCTS_DIR)/pushtext.app/pushtext";
			};
			name = Release;
		};
		5394F2861C5628BD009CEAA3 /* Debug */ = {
			isa = XCBuildConfiguration;
			buildSettings = {
				INFOPLIST_FILE = pushtextUITests/Info.plist;
				LD_RUNPATH_SEARCH_PATHS = "$(inherited) @executable_path/Frameworks @loader_path/Frameworks";
				PRODUCT_BUNDLE_IDENTIFIER = com.wujie.pushtextUITests;
				PRODUCT_NAME = "$(TARGET_NAME)";
				TEST_TARGET_NAME = pushtext;
				USES_XCTRUNNER = YES;
			};
			name = Debug;
		};
		5394F2871C5628BD009CEAA3 /* Release */ = {
			isa = XCBuildConfiguration;
			buildSettings = {
				INFOPLIST_FILE = pushtextUITests/Info.plist;
				LD_RUNPATH_SEARCH_PATHS = "$(inherited) @executable_path/Frameworks @loader_path/Frameworks";
				PRODUCT_BUNDLE_IDENTIFIER = com.wujie.pushtextUITests;
				PRODUCT_NAME = "$(TARGET_NAME)";
				TEST_TARGET_NAME = pushtext;
				USES_XCTRUNNER = YES;
			};
			name = Release;
		};
/* End XCBuildConfiguration section */

/* Begin XCConfigurationList section */
		5394F24D1C5628BD009CEAA3 /* Build configuration list for PBXProject "pushtext" */ = {
			isa = XCConfigurationList;
			buildConfigurations = (
				5394F27D1C5628BD009CEAA3 /* Debug */,
				5394F27E1C5628BD009CEAA3 /* Release */,
			);
			defaultConfigurationIsVisible = 0;
			defaultConfigurationName = Release;
		};
		5394F27F1C5628BD009CEAA3 /* Build configuration list for PBXNativeTarget "pushtext" */ = {
			isa = XCConfigurationList;
			buildConfigurations = (
				5394F2801C5628BD009CEAA3 /* Debug */,
				5394F2811C5628BD009CEAA3 /* Release */,
			);
			defaultConfigurationIsVisible = 0;
			defaultConfigurationName = Release;
		};
		5394F2821C5628BD009CEAA3 /* Build configuration list for PBXNativeTarget "pushtextTests" */ = {
			isa = XCConfigurationList;
			buildConfigurations = (
				5394F2831C5628BD009CEAA3 /* Debug */,
				5394F2841C5628BD009CEAA3 /* Release */,
			);
			defaultConfigurationIsVisible = 0;
			defaultConfigurationName = Release;
		};
		5394F2851C5628BD009CEAA3 /* Build configuration list for PBXNativeTarget "pushtextUITests" */ = {
			isa = XCConfigurationList;
			buildConfigurations = (
				5394F2861C5628BD009CEAA3 /* Debug */,
				5394F2871C5628BD009CEAA3 /* Release */,
			);
			defaultConfigurationIsVisible = 0;
			defaultConfigurationName = Release;
		};
/* End XCConfigurationList section */
	};
	rootObject = 5394F24A1C5628BD009CEAA3 /* Project object */;
}
