PODS:
  - FMDB (2.5):
    - FMDB/standard (= 2.5)
  - FMDB/common (2.5)
  - FMDB/standard (2.5):
    - FMDB/common
  - LKDBHelper (2.1.4):
    - FMDB

DEPENDENCIES:
  - LKDBHelper (~> 2.1.4)

SPEC CHECKSUMS:
  FMDB: 96e8f1bcc1329e269330f99770ad4285d9003e52
  LKDBHelper: 6bde14a7d8d1915dd6f1a960176cc868175dd14d

COCOAPODS: 0.38.2
